// !$*UTF8*$!
{
	archiveVersion = 1;
	classes = {
	};
	objectVersion = 56;
	objects = {

/* Begin PBXBuildFile section */
		08357DD829A5AF8E00ED58FD /* AVKit.framework in Frameworks */ = {isa = PBXBuildFile; fileRef = 08357DD629A5AF8600ED58FD /* AVKit.framework */; };
		08357DDC29A5B08E00ED58FD /* Constants.swift in Sources */ = {isa = PBXBuildFile; fileRef = 08357DDB29A5B08E00ED58FD /* Constants.swift */; };
		08357E1729A5BD0200ED58FD /* CodeTextView.swift in Sources */ = {isa = PBXBuildFile; fileRef = 08357E1629A5BD0200ED58FD /* CodeTextView.swift */; };
		083EF39B297A33100059E7AE /* LearningApp.swift in Sources */ = {isa = PBXBuildFile; fileRef = 083EF39A297A33100059E7AE /* LearningApp.swift */; };
		083EF39D297A33100059E7AE /* HomeView.swift in Sources */ = {isa = PBXBuildFile; fileRef = 083EF39C297A33100059E7AE /* HomeView.swift */; };
		083EF39F297A33110059E7AE /* Assets.xcassets in Resources */ = {isa = PBXBuildFile; fileRef = 083EF39E297A33110059E7AE /* Assets.xcassets */; };
		083EF3A2297A33110059E7AE /* Preview Assets.xcassets in Resources */ = {isa = PBXBuildFile; fileRef = 083EF3A1297A33110059E7AE /* Preview Assets.xcassets */; };
		083EF3AE297A34170059E7AE /* ContentModel.swift in Sources */ = {isa = PBXBuildFile; fileRef = 083EF3AD297A34170059E7AE /* ContentModel.swift */; };
		083EF3B0297A36020059E7AE /* data.json in Resources */ = {isa = PBXBuildFile; fileRef = 083EF3AF297A36020059E7AE /* data.json */; };
		083EF3B2297A36090059E7AE /* style.html in Resources */ = {isa = PBXBuildFile; fileRef = 083EF3B1297A36090059E7AE /* style.html */; };
		083EF3B4297A38770059E7AE /* Models.swift in Sources */ = {isa = PBXBuildFile; fileRef = 083EF3B3297A38770059E7AE /* Models.swift */; };
		08B3662E2A0181CC0006CE54 /* RectangleCard.swift in Sources */ = {isa = PBXBuildFile; fileRef = 08B3662D2A0181CC0006CE54 /* RectangleCard.swift */; };
		08C673132980D23F006236C4 /* HomeViewRow.swift in Sources */ = {isa = PBXBuildFile; fileRef = 08C673122980D23F006236C4 /* HomeViewRow.swift */; };
		08ECA8D22992F55C001C5D2C /* ContentView.swift in Sources */ = {isa = PBXBuildFile; fileRef = 08ECA8D12992F55C001C5D2C /* ContentView.swift */; };
		08ECA8D42992FB98001C5D2C /* ContentViewRow.swift in Sources */ = {isa = PBXBuildFile; fileRef = 08ECA8D32992FB98001C5D2C /* ContentViewRow.swift */; };
		08ECA8E62996EE07001C5D2C /* ContentDetailView.swift in Sources */ = {isa = PBXBuildFile; fileRef = 08ECA8E52996EE07001C5D2C /* ContentDetailView.swift */; };
/* End PBXBuildFile section */

/* Begin PBXFileReference section */
		08357DD629A5AF8600ED58FD /* AVKit.framework */ = {isa = PBXFileReference; lastKnownFileType = wrapper.framework; name = AVKit.framework; path = System/Library/Frameworks/AVKit.framework; sourceTree = SDKROOT; };
		08357DDB29A5B08E00ED58FD /* Constants.swift */ = {isa = PBXFileReference; lastKnownFileType = sourcecode.swift; path = Constants.swift; sourceTree = "<group>"; };
		08357E1629A5BD0200ED58FD /* CodeTextView.swift */ = {isa = PBXFileReference; lastKnownFileType = sourcecode.swift; path = CodeTextView.swift; sourceTree = "<group>"; };
		083EF397297A33100059E7AE /* LearningApp.app */ = {isa = PBXFileReference; explicitFileType = wrapper.application; includeInIndex = 0; path = LearningApp.app; sourceTree = BUILT_PRODUCTS_DIR; };
		083EF39A297A33100059E7AE /* LearningApp.swift */ = {isa = PBXFileReference; lastKnownFileType = sourcecode.swift; path = LearningApp.swift; sourceTree = "<group>"; };
		083EF39C297A33100059E7AE /* HomeView.swift */ = {isa = PBXFileReference; lastKnownFileType = sourcecode.swift; path = HomeView.swift; sourceTree = "<group>"; };
		083EF39E297A33110059E7AE /* Assets.xcassets */ = {isa = PBXFileReference; lastKnownFileType = folder.assetcatalog; path = Assets.xcassets; sourceTree = "<group>"; };
		083EF3A1297A33110059E7AE /* Preview Assets.xcassets */ = {isa = PBXFileReference; lastKnownFileType = folder.assetcatalog; path = "Preview Assets.xcassets"; sourceTree = "<group>"; };
		083EF3AD297A34170059E7AE /* ContentModel.swift */ = {isa = PBXFileReference; lastKnownFileType = sourcecode.swift; path = ContentModel.swift; sourceTree = "<group>"; };
		083EF3AF297A36020059E7AE /* data.json */ = {isa = PBXFileReference; fileEncoding = 4; lastKnownFileType = text.json; path = data.json; sourceTree = "<group>"; };
		083EF3B1297A36090059E7AE /* style.html */ = {isa = PBXFileReference; fileEncoding = 4; lastKnownFileType = text.html; path = style.html; sourceTree = "<group>"; };
		083EF3B3297A38770059E7AE /* Models.swift */ = {isa = PBXFileReference; lastKnownFileType = sourcecode.swift; path = Models.swift; sourceTree = "<group>"; };
		08B3662D2A0181CC0006CE54 /* RectangleCard.swift */ = {isa = PBXFileReference; lastKnownFileType = sourcecode.swift; path = RectangleCard.swift; sourceTree = "<group>"; };
		08C673122980D23F006236C4 /* HomeViewRow.swift */ = {isa = PBXFileReference; lastKnownFileType = sourcecode.swift; path = HomeViewRow.swift; sourceTree = "<group>"; };
		08ECA8D12992F55C001C5D2C /* ContentView.swift */ = {isa = PBXFileReference; lastKnownFileType = sourcecode.swift; path = ContentView.swift; sourceTree = "<group>"; };
		08ECA8D32992FB98001C5D2C /* ContentViewRow.swift */ = {isa = PBXFileReference; lastKnownFileType = sourcecode.swift; path = ContentViewRow.swift; sourceTree = "<group>"; };
		08ECA8E52996EE07001C5D2C /* ContentDetailView.swift */ = {isa = PBXFileReference; lastKnownFileType = sourcecode.swift; path = ContentDetailView.swift; sourceTree = "<group>"; };
/* End PBXFileReference section */

/* Begin PBXFrameworksBuildPhase section */
		083EF394297A33100059E7AE /* Frameworks */ = {
			isa = PBXFrameworksBuildPhase;
			buildActionMask = 2147483647;
			files = (
				08357DD829A5AF8E00ED58FD /* AVKit.framework in Frameworks */,
			);
			runOnlyForDeploymentPostprocessing = 0;
		};
/* End PBXFrameworksBuildPhase section */

/* Begin PBXGroup section */
		08357DD529A5AF8600ED58FD /* Frameworks */ = {
			isa = PBXGroup;
			children = (
				08357DD629A5AF8600ED58FD /* AVKit.framework */,
			);
			name = Frameworks;
			sourceTree = "<group>";
		};
		083EF38E297A33100059E7AE = {
			isa = PBXGroup;
			children = (
				083EF399297A33100059E7AE /* LearningApp */,
				083EF398297A33100059E7AE /* Products */,
				08357DD529A5AF8600ED58FD /* Frameworks */,
			);
			sourceTree = "<group>";
		};
		083EF398297A33100059E7AE /* Products */ = {
			isa = PBXGroup;
			children = (
				083EF397297A33100059E7AE /* LearningApp.app */,
			);
			name = Products;
			sourceTree = "<group>";
		};
		083EF399297A33100059E7AE /* LearningApp */ = {
			isa = PBXGroup;
			children = (
				083EF39A297A33100059E7AE /* LearningApp.swift */,
				083EF3A8297A33630059E7AE /* Views */,
				083EF3A9297A33690059E7AE /* ViewModels */,
				083EF3AA297A33710059E7AE /* Models */,
				083EF3AB297A33770059E7AE /* Resources */,
				083EF3AC297A337F0059E7AE /* Helpers */,
				083EF39E297A33110059E7AE /* Assets.xcassets */,
				083EF3A0297A33110059E7AE /* Preview Content */,
			);
			path = LearningApp;
			sourceTree = "<group>";
		};
		083EF3A0297A33110059E7AE /* Preview Content */ = {
			isa = PBXGroup;
			children = (
				083EF3A1297A33110059E7AE /* Preview Assets.xcassets */,
			);
			path = "Preview Content";
			sourceTree = "<group>";
		};
		083EF3A8297A33630059E7AE /* Views */ = {
			isa = PBXGroup;
			children = (
				083EF39C297A33100059E7AE /* HomeView.swift */,
				08C673122980D23F006236C4 /* HomeViewRow.swift */,
				08ECA8D12992F55C001C5D2C /* ContentView.swift */,
				08ECA8D32992FB98001C5D2C /* ContentViewRow.swift */,
				08ECA8E52996EE07001C5D2C /* ContentDetailView.swift */,
				08357E1629A5BD0200ED58FD /* CodeTextView.swift */,
				08B3662D2A0181CC0006CE54 /* RectangleCard.swift */,
			);
			path = Views;
			sourceTree = "<group>";
		};
		083EF3A9297A33690059E7AE /* ViewModels */ = {
			isa = PBXGroup;
			children = (
				083EF3AD297A34170059E7AE /* ContentModel.swift */,
			);
			path = ViewModels;
			sourceTree = "<group>";
		};
		083EF3AA297A33710059E7AE /* Models */ = {
			isa = PBXGroup;
			children = (
				083EF3B3297A38770059E7AE /* Models.swift */,
			);
			path = Models;
			sourceTree = "<group>";
		};
		083EF3AB297A33770059E7AE /* Resources */ = {
			isa = PBXGroup;
			children = (
				083EF3AF297A36020059E7AE /* data.json */,
				083EF3B1297A36090059E7AE /* style.html */,
				08357DDB29A5B08E00ED58FD /* Constants.swift */,
			);
			path = Resources;
			sourceTree = "<group>";
		};
		083EF3AC297A337F0059E7AE /* Helpers */ = {
			isa = PBXGroup;
			children = (
			);
			path = Helpers;
			sourceTree = "<group>";
		};
/* End PBXGroup section */

/* Begin PBXNativeTarget section */
		083EF396297A33100059E7AE /* LearningApp */ = {
			isa = PBXNativeTarget;
			buildConfigurationList = 083EF3A5297A33110059E7AE /* Build configuration list for PBXNativeTarget "LearningApp" */;
			buildPhases = (
				083EF393297A33100059E7AE /* Sources */,
				083EF394297A33100059E7AE /* Frameworks */,
				083EF395297A33100059E7AE /* Resources */,
			);
			buildRules = (
			);
			dependencies = (
			);
			name = LearningApp;
			productName = LearningApp;
			productReference = 083EF397297A33100059E7AE /* LearningApp.app */;
			productType = "com.apple.product-type.application";
		};
/* End PBXNativeTarget section */

/* Begin PBXProject section */
		083EF38F297A33100059E7AE /* Project object */ = {
			isa = PBXProject;
			attributes = {
				BuildIndependentTargetsInParallel = 1;
				LastSwiftUpdateCheck = 1420;
				LastUpgradeCheck = 1420;
				TargetAttributes = {
					083EF396297A33100059E7AE = {
						CreatedOnToolsVersion = 14.2;
					};
				};
			};
			buildConfigurationList = 083EF392297A33100059E7AE /* Build configuration list for PBXProject "LearningApp" */;
			compatibilityVersion = "Xcode 14.0";
			developmentRegion = en;
			hasScannedForEncodings = 0;
			knownRegions = (
				en,
				Base,
			);
			mainGroup = 083EF38E297A33100059E7AE;
			productRefGroup = 083EF398297A33100059E7AE /* Products */;
			projectDirPath = "";
			projectRoot = "";
			targets = (
				083EF396297A33100059E7AE /* LearningApp */,
			);
		};
/* End PBXProject section */

/* Begin PBXResourcesBuildPhase section */
		083EF395297A33100059E7AE /* Resources */ = {
			isa = PBXResourcesBuildPhase;
			buildActionMask = 2147483647;
			files = (
				083EF3A2297A33110059E7AE /* Preview Assets.xcassets in Resources */,
				083EF3B0297A36020059E7AE /* data.json in Resources */,
				083EF3B2297A36090059E7AE /* style.html in Resources */,
				083EF39F297A33110059E7AE /* Assets.xcassets in Resources */,
			);
			runOnlyForDeploymentPostprocessing = 0;
		};
/* End PBXResourcesBuildPhase section */

/* Begin PBXSourcesBuildPhase section */
		083EF393297A33100059E7AE /* Sources */ = {
			isa = PBXSourcesBuildPhase;
			buildActionMask = 2147483647;
			files = (
				083EF39D297A33100059E7AE /* HomeView.swift in Sources */,
				08C673132980D23F006236C4 /* HomeViewRow.swift in Sources */,
				08ECA8D22992F55C001C5D2C /* ContentView.swift in Sources */,
				08ECA8E62996EE07001C5D2C /* ContentDetailView.swift in Sources */,
				083EF39B297A33100059E7AE /* LearningApp.swift in Sources */,
				08ECA8D42992FB98001C5D2C /* ContentViewRow.swift in Sources */,
				08357E1729A5BD0200ED58FD /* CodeTextView.swift in Sources */,
				083EF3AE297A34170059E7AE /* ContentModel.swift in Sources */,
				083EF3B4297A38770059E7AE /* Models.swift in Sources */,
				08B3662E2A0181CC0006CE54 /* RectangleCard.swift in Sources */,
				08357DDC29A5B08E00ED58FD /* Constants.swift in Sources */,
			);
			runOnlyForDeploymentPostprocessing = 0;
		};
/* End PBXSourcesBuildPhase section */

/* Begin XCBuildConfiguration section */
		083EF3A3297A33110059E7AE /* Debug */ = {
			isa = XCBuildConfiguration;
			buildSettings = {
				ALWAYS_SEARCH_USER_PATHS = NO;
				CLANG_ANALYZER_NONNULL = YES;
				CLANG_ANALYZER_NUMBER_OBJECT_CONVERSION = YES_AGGRESSIVE;
				CLANG_CXX_LANGUAGE_STANDARD = "gnu++20";
				CLANG_ENABLE_MODULES = YES;
				CLANG_ENABLE_OBJC_ARC = YES;
				CLANG_ENABLE_OBJC_WEAK = YES;
				CLANG_WARN_BLOCK_CAPTURE_AUTORELEASING = YES;
				CLANG_WARN_BOOL_CONVERSION = YES;
				CLANG_WARN_COMMA = YES;
				CLANG_WARN_CONSTANT_CONVERSION = YES;
				CLANG_WARN_DEPRECATED_OBJC_IMPLEMENTATIONS = YES;
				CLANG_WARN_DIRECT_OBJC_ISA_USAGE = YES_ERROR;
				CLANG_WARN_DOCUMENTATION_COMMENTS = YES;
				CLANG_WARN_EMPTY_BODY = YES;
				CLANG_WARN_ENUM_CONVERSION = YES;
				CLANG_WARN_INFINITE_RECURSION = YES;
				CLANG_WARN_INT_CONVERSION = YES;
				CLANG_WARN_NON_LITERAL_NULL_CONVERSION = YES;
				CLANG_WARN_OBJC_IMPLICIT_RETAIN_SELF = YES;
				CLANG_WARN_OBJC_LITERAL_CONVERSION = YES;
				CLANG_WARN_OBJC_ROOT_CLASS = YES_ERROR;
				CLANG_WARN_QUOTED_INCLUDE_IN_FRAMEWORK_HEADER = YES;
				CLANG_WARN_RANGE_LOOP_ANALYSIS = YES;
				CLANG_WARN_STRICT_PROTOTYPES = YES;
				CLANG_WARN_SUSPICIOUS_MOVE = YES;
				CLANG_WARN_UNGUARDED_AVAILABILITY = YES_AGGRESSIVE;
				CLANG_WARN_UNREACHABLE_CODE = YES;
				CLANG_WARN__DUPLICATE_METHOD_MATCH = YES;
				COPY_PHASE_STRIP = NO;
				DEBUG_INFORMATION_FORMAT = dwarf;
				ENABLE_STRICT_OBJC_MSGSEND = YES;
				ENABLE_TESTABILITY = YES;
				GCC_C_LANGUAGE_STANDARD = gnu11;
				GCC_DYNAMIC_NO_PIC = NO;
				GCC_NO_COMMON_BLOCKS = YES;
				GCC_OPTIMIZATION_LEVEL = 0;
				GCC_PREPROCESSOR_DEFINITIONS = (
					"DEBUG=1",
					"$(inherited)",
				);
				GCC_WARN_64_TO_32_BIT_CONVERSION = YES;
				GCC_WARN_ABOUT_RETURN_TYPE = YES_ERROR;
				GCC_WARN_UNDECLARED_SELECTOR = YES;
				GCC_WARN_UNINITIALIZED_AUTOS = YES_AGGRESSIVE;
				GCC_WARN_UNUSED_FUNCTION = YES;
				GCC_WARN_UNUSED_VARIABLE = YES;
				IPHONEOS_DEPLOYMENT_TARGET = 16.2;
				MTL_ENABLE_DEBUG_INFO = INCLUDE_SOURCE;
				MTL_FAST_MATH = YES;
				ONLY_ACTIVE_ARCH = YES;
				SDKROOT = iphoneos;
				SWIFT_ACTIVE_COMPILATION_CONDITIONS = DEBUG;
				SWIFT_OPTIMIZATION_LEVEL = "-Onone";
			};
			name = Debug;
		};
		083EF3A4297A33110059E7AE /* Release */ = {
			isa = XCBuildConfiguration;
			buildSettings = {
				ALWAYS_SEARCH_USER_PATHS = NO;
				CLANG_ANALYZER_NONNULL = YES;
				CLANG_ANALYZER_NUMBER_OBJECT_CONVERSION = YES_AGGRESSIVE;
				CLANG_CXX_LANGUAGE_STANDARD = "gnu++20";
				CLANG_ENABLE_MODULES = YES;
				CLANG_ENABLE_OBJC_ARC = YES;
				CLANG_ENABLE_OBJC_WEAK = YES;
				CLANG_WARN_BLOCK_CAPTURE_AUTORELEASING = YES;
				CLANG_WARN_BOOL_CONVERSION = YES;
				CLANG_WARN_COMMA = YES;
				CLANG_WARN_CONSTANT_CONVERSION = YES;
				CLANG_WARN_DEPRECATED_OBJC_IMPLEMENTATIONS = YES;
				CLANG_WARN_DIRECT_OBJC_ISA_USAGE = YES_ERROR;
				CLANG_WARN_DOCUMENTATION_COMMENTS = YES;
				CLANG_WARN_EMPTY_BODY = YES;
				CLANG_WARN_ENUM_CONVERSION = YES;
				CLANG_WARN_INFINITE_RECURSION = YES;
				CLANG_WARN_INT_CONVERSION = YES;
				CLANG_WARN_NON_LITERAL_NULL_CONVERSION = YES;
				CLANG_WARN_OBJC_IMPLICIT_RETAIN_SELF = YES;
				CLANG_WARN_OBJC_LITERAL_CONVERSION = YES;
				CLANG_WARN_OBJC_ROOT_CLASS = YES_ERROR;
				CLANG_WARN_QUOTED_INCLUDE_IN_FRAMEWORK_HEADER = YES;
				CLANG_WARN_RANGE_LOOP_ANALYSIS = YES;
				CLANG_WARN_STRICT_PROTOTYPES = YES;
				CLANG_WARN_SUSPICIOUS_MOVE = YES;
				CLANG_WARN_UNGUARDED_AVAILABILITY = YES_AGGRESSIVE;
				CLANG_WARN_UNREACHABLE_CODE = YES;
				CLANG_WARN__DUPLICATE_METHOD_MATCH = YES;
				COPY_PHASE_STRIP = NO;
				DEBUG_INFORMATION_FORMAT = "dwarf-with-dsym";
				ENABLE_NS_ASSERTIONS = NO;
				ENABLE_STRICT_OBJC_MSGSEND = YES;
				GCC_C_LANGUAGE_STANDARD = gnu11;
				GCC_NO_COMMON_BLOCKS = YES;
				GCC_WARN_64_TO_32_BIT_CONVERSION = YES;
				GCC_WARN_ABOUT_RETURN_TYPE = YES_ERROR;
				GCC_WARN_UNDECLARED_SELECTOR = YES;
				GCC_WARN_UNINITIALIZED_AUTOS = YES_AGGRESSIVE;
				GCC_WARN_UNUSED_FUNCTION = YES;
				GCC_WARN_UNUSED_VARIABLE = YES;
				IPHONEOS_DEPLOYMENT_TARGET = 16.2;
				MTL_ENABLE_DEBUG_INFO = NO;
				MTL_FAST_MATH = YES;
				SDKROOT = iphoneos;
				SWIFT_COMPILATION_MODE = wholemodule;
				SWIFT_OPTIMIZATION_LEVEL = "-O";
				VALIDATE_PRODUCT = YES;
			};
			name = Release;
		};
		083EF3A6297A33110059E7AE /* Debug */ = {
			isa = XCBuildConfiguration;
			buildSettings = {
				ASSETCATALOG_COMPILER_APPICON_NAME = AppIcon;
				ASSETCATALOG_COMPILER_GLOBAL_ACCENT_COLOR_NAME = AccentColor;
				CODE_SIGN_STYLE = Automatic;
				CURRENT_PROJECT_VERSION = 1;
				DEVELOPMENT_ASSET_PATHS = "\"LearningApp/Preview Content\"";
				DEVELOPMENT_TEAM = NFHNGHHV2G;
				ENABLE_PREVIEWS = YES;
				GENERATE_INFOPLIST_FILE = YES;
				INFOPLIST_KEY_UIApplicationSceneManifest_Generation = YES;
				INFOPLIST_KEY_UIApplicationSupportsIndirectInputEvents = YES;
				INFOPLIST_KEY_UILaunchScreen_Generation = YES;
				INFOPLIST_KEY_UISupportedInterfaceOrientations_iPad = "UIInterfaceOrientationPortrait UIInterfaceOrientationPortraitUpsideDown UIInterfaceOrientationLandscapeLeft UIInterfaceOrientationLandscapeRight";
				INFOPLIST_KEY_UISupportedInterfaceOrientations_iPhone = "UIInterfaceOrientationPortrait UIInterfaceOrientationLandscapeLeft UIInterfaceOrientationLandscapeRight";
				LD_RUNPATH_SEARCH_PATHS = (
					"$(inherited)",
					"@executable_path/Frameworks",
				);
				MARKETING_VERSION = 1.0;
				PRODUCT_BUNDLE_IDENTIFIER = com.alexeyli.LearningApp;
				PRODUCT_NAME = "$(TARGET_NAME)";
				SWIFT_EMIT_LOC_STRINGS = YES;
				SWIFT_VERSION = 5.0;
				TARGETED_DEVICE_FAMILY = "1,2";
			};
			name = Debug;
		};
		083EF3A7297A33110059E7AE /* Release */ = {
			isa = XCBuildConfiguration;
			buildSettings = {
				ASSETCATALOG_COMPILER_APPICON_NAME = AppIcon;
				ASSETCATALOG_COMPILER_GLOBAL_ACCENT_COLOR_NAME = AccentColor;
				CODE_SIGN_STYLE = Automatic;
				CURRENT_PROJECT_VERSION = 1;
				DEVELOPMENT_ASSET_PATHS = "\"LearningApp/Preview Content\"";
				DEVELOPMENT_TEAM = NFHNGHHV2G;
				ENABLE_PREVIEWS = YES;
				GENERATE_INFOPLIST_FILE = YES;
				INFOPLIST_KEY_UIApplicationSceneManifest_Generation = YES;
				INFOPLIST_KEY_UIApplicationSupportsIndirectInputEvents = YES;
				INFOPLIST_KEY_UILaunchScreen_Generation = YES;
				INFOPLIST_KEY_UISupportedInterfaceOrientations_iPad = "UIInterfaceOrientationPortrait UIInterfaceOrientationPortraitUpsideDown UIInterfaceOrientationLandscapeLeft UIInterfaceOrientationLandscapeRight";
				INFOPLIST_KEY_UISupportedInterfaceOrientations_iPhone = "UIInterfaceOrientationPortrait UIInterfaceOrientationLandscapeLeft UIInterfaceOrientationLandscapeRight";
				LD_RUNPATH_SEARCH_PATHS = (
					"$(inherited)",
					"@executable_path/Frameworks",
				);
				MARKETING_VERSION = 1.0;
				PRODUCT_BUNDLE_IDENTIFIER = com.alexeyli.LearningApp;
				PRODUCT_NAME = "$(TARGET_NAME)";
				SWIFT_EMIT_LOC_STRINGS = YES;
				SWIFT_VERSION = 5.0;
				TARGETED_DEVICE_FAMILY = "1,2";
			};
			name = Release;
		};
/* End XCBuildConfiguration section */

/* Begin XCConfigurationList section */
		083EF392297A33100059E7AE /* Build configuration list for PBXProject "LearningApp" */ = {
			isa = XCConfigurationList;
			buildConfigurations = (
				083EF3A3297A33110059E7AE /* Debug */,
				083EF3A4297A33110059E7AE /* Release */,
			);
			defaultConfigurationIsVisible = 0;
			defaultConfigurationName = Release;
		};
		083EF3A5297A33110059E7AE /* Build configuration list for PBXNativeTarget "LearningApp" */ = {
			isa = XCConfigurationList;
			buildConfigurations = (
				083EF3A6297A33110059E7AE /* Debug */,
				083EF3A7297A33110059E7AE /* Release */,
			);
			defaultConfigurationIsVisible = 0;
			defaultConfigurationName = Release;
		};
/* End XCConfigurationList section */
	};
	rootObject = 083EF38F297A33100059E7AE /* Project object */;
}
